// !$*UTF8*$!
{
	archiveVersion = 1;
	classes = {
	};
	objectVersion = 50;
	objects = {

/* Begin PBXBuildFile section */
		95C0FE1224DA2BE100577F7B /* AppDelegate.swift in Sources */ = {isa = PBXBuildFile; fileRef = 95C0FE1124DA2BE100577F7B /* AppDelegate.swift */; };
		95C0FE1424DA2BE100577F7B /* SceneDelegate.swift in Sources */ = {isa = PBXBuildFile; fileRef = 95C0FE1324DA2BE100577F7B /* SceneDelegate.swift */; };
		95C0FE1624DA2BE200577F7B /* ViewController.swift in Sources */ = {isa = PBXBuildFile; fileRef = 95C0FE1524DA2BE200577F7B /* ViewController.swift */; };
		95C0FE1924DA2BE200577F7B /* Main.storyboard in Resources */ = {isa = PBXBuildFile; fileRef = 95C0FE1724DA2BE200577F7B /* Main.storyboard */; };
		95C0FE1B24DA2BE600577F7B /* Assets.xcassets in Resources */ = {isa = PBXBuildFile; fileRef = 95C0FE1A24DA2BE600577F7B /* Assets.xcassets */; };
		95C0FE1E24DA2BE600577F7B /* LaunchScreen.storyboard in Resources */ = {isa = PBXBuildFile; fileRef = 95C0FE1C24DA2BE600577F7B /* LaunchScreen.storyboard */; };
		ABD2FDCEF54872B83521954D /* Pods_AdTest.framework in Frameworks */ = {isa = PBXBuildFile; fileRef = 40E182392CC12A388F36AF19 /* Pods_AdTest.framework */; };
/* End PBXBuildFile section */

/* Begin PBXFileReference section */
		40E182392CC12A388F36AF19 /* Pods_AdTest.framework */ = {isa = PBXFileReference; explicitFileType = wrapper.framework; includeInIndex = 0; path = Pods_AdTest.framework; sourceTree = BUILT_PRODUCTS_DIR; };
		95C0FE0E24DA2BE100577F7B /* AdTest.app */ = {isa = PBXFileReference; explicitFileType = wrapper.application; includeInIndex = 0; path = AdTest.app; sourceTree = BUILT_PRODUCTS_DIR; };
		95C0FE1124DA2BE100577F7B /* AppDelegate.swift */ = {isa = PBXFileReference; lastKnownFileType = sourcecode.swift; path = AppDelegate.swift; sourceTree = "<group>"; };
		95C0FE1324DA2BE100577F7B /* SceneDelegate.swift */ = {isa = PBXFileReference; lastKnownFileType = sourcecode.swift; path = SceneDelegate.swift; sourceTree = "<group>"; };
		95C0FE1524DA2BE200577F7B /* ViewController.swift */ = {isa = PBXFileReference; lastKnownFileType = sourcecode.swift; path = ViewController.swift; sourceTree = "<group>"; };
		95C0FE1824DA2BE200577F7B /* Base */ = {isa = PBXFileReference; lastKnownFileType = file.storyboard; name = Base; path = Base.lproj/Main.storyboard; sourceTree = "<group>"; };
		95C0FE1A24DA2BE600577F7B /* Assets.xcassets */ = {isa = PBXFileReference; lastKnownFileType = folder.assetcatalog; path = Assets.xcassets; sourceTree = "<group>"; };
		95C0FE1D24DA2BE600577F7B /* Base */ = {isa = PBXFileReference; lastKnownFileType = file.storyboard; name = Base; path = Base.lproj/LaunchScreen.storyboard; sourceTree = "<group>"; };
		95C0FE1F24DA2BE600577F7B /* Info.plist */ = {isa = PBXFileReference; lastKnownFileType = text.plist.xml; path = Info.plist; sourceTree = "<group>"; };
		B4765019C1E83C602D1EDFD1 /* Pods-AdTest.release.xcconfig */ = {isa = PBXFileReference; includeInIndex = 1; lastKnownFileType = text.xcconfig; name = "Pods-AdTest.release.xcconfig"; path = "Target Support Files/Pods-AdTest/Pods-AdTest.release.xcconfig"; sourceTree = "<group>"; };
		D5AC1877FC366D35FF67FB28 /* Pods-AdTest.debug.xcconfig */ = {isa = PBXFileReference; includeInIndex = 1; lastKnownFileType = text.xcconfig; name = "Pods-AdTest.debug.xcconfig"; path = "Target Support Files/Pods-AdTest/Pods-AdTest.debug.xcconfig"; sourceTree = "<group>"; };
/* End PBXFileReference section */

/* Begin PBXFrameworksBuildPhase section */
		95C0FE0B24DA2BE100577F7B /* Frameworks */ = {
			isa = PBXFrameworksBuildPhase;
			buildActionMask = 2147483647;
			files = (
				ABD2FDCEF54872B83521954D /* Pods_AdTest.framework in Frameworks */,
			);
			runOnlyForDeploymentPostprocessing = 0;
		};
/* End PBXFrameworksBuildPhase section */

/* Begin PBXGroup section */
		7F97FBD2F71551EA4B679679 /* Frameworks */ = {
			isa = PBXGroup;
			children = (
				40E182392CC12A388F36AF19 /* Pods_AdTest.framework */,
			);
			name = Frameworks;
			sourceTree = "<group>";
		};
		95C0FE0524DA2BE100577F7B = {
			isa = PBXGroup;
			children = (
				95C0FE1024DA2BE100577F7B /* AdTest */,
				95C0FE0F24DA2BE100577F7B /* Products */,
				F235EF2B2A0EED4E9702186C /* Pods */,
				7F97FBD2F71551EA4B679679 /* Frameworks */,
			);
			sourceTree = "<group>";
		};
		95C0FE0F24DA2BE100577F7B /* Products */ = {
			isa = PBXGroup;
			children = (
				95C0FE0E24DA2BE100577F7B /* AdTest.app */,
			);
			name = Products;
			sourceTree = "<group>";
		};
		95C0FE1024DA2BE100577F7B /* AdTest */ = {
			isa = PBXGroup;
			children = (
				95C0FE1124DA2BE100577F7B /* AppDelegate.swift */,
				95C0FE1324DA2BE100577F7B /* SceneDelegate.swift */,
				95C0FE1524DA2BE200577F7B /* ViewController.swift */,
				95C0FE1724DA2BE200577F7B /* Main.storyboard */,
				95C0FE1A24DA2BE600577F7B /* Assets.xcassets */,
				95C0FE1C24DA2BE600577F7B /* LaunchScreen.storyboard */,
				95C0FE1F24DA2BE600577F7B /* Info.plist */,
			);
			path = AdTest;
			sourceTree = "<group>";
		};
		F235EF2B2A0EED4E9702186C /* Pods */ = {
			isa = PBXGroup;
			children = (
				D5AC1877FC366D35FF67FB28 /* Pods-AdTest.debug.xcconfig */,
				B4765019C1E83C602D1EDFD1 /* Pods-AdTest.release.xcconfig */,
			);
			name = Pods;
			path = Pods;
			sourceTree = "<group>";
		};
/* End PBXGroup section */

/* Begin PBXNativeTarget section */
		95C0FE0D24DA2BE100577F7B /* AdTest */ = {
			isa = PBXNativeTarget;
			buildConfigurationList = 95C0FE2224DA2BE600577F7B /* Build configuration list for PBXNativeTarget "AdTest" */;
			buildPhases = (
				DD2E1A1CB246BAC2BA796E35 /* [CP] Check Pods Manifest.lock */,
				95C0FE0A24DA2BE100577F7B /* Sources */,
				95C0FE0B24DA2BE100577F7B /* Frameworks */,
				95C0FE0C24DA2BE100577F7B /* Resources */,
				FE8E30AB1117FE597E518AD6 /* [CP] Embed Pods Frameworks */,
			);
			buildRules = (
			);
			dependencies = (
			);
			name = AdTest;
			productName = AdTest;
			productReference = 95C0FE0E24DA2BE100577F7B /* AdTest.app */;
			productType = "com.apple.product-type.application";
		};
/* End PBXNativeTarget section */

/* Begin PBXProject section */
		95C0FE0624DA2BE100577F7B /* Project object */ = {
			isa = PBXProject;
			attributes = {
				LastSwiftUpdateCheck = 1160;
				LastUpgradeCheck = 1160;
				ORGANIZATIONNAME = "Yuki Shinohara";
				TargetAttributes = {
					95C0FE0D24DA2BE100577F7B = {
						CreatedOnToolsVersion = 11.6;
					};
				};
			};
			buildConfigurationList = 95C0FE0924DA2BE100577F7B /* Build configuration list for PBXProject "AdTest" */;
			compatibilityVersion = "Xcode 9.3";
			developmentRegion = en;
			hasScannedForEncodings = 0;
			knownRegions = (
				en,
				Base,
			);
			mainGroup = 95C0FE0524DA2BE100577F7B;
			productRefGroup = 95C0FE0F24DA2BE100577F7B /* Products */;
			projectDirPath = "";
			projectRoot = "";
			targets = (
				95C0FE0D24DA2BE100577F7B /* AdTest */,
			);
		};
/* End PBXProject section */

/* Begin PBXResourcesBuildPhase section */
		95C0FE0C24DA2BE100577F7B /* Resources */ = {
			isa = PBXResourcesBuildPhase;
			buildActionMask = 2147483647;
			files = (
				95C0FE1E24DA2BE600577F7B /* LaunchScreen.storyboard in Resources */,
				95C0FE1B24DA2BE600577F7B /* Assets.xcassets in Resources */,
				95C0FE1924DA2BE200577F7B /* Main.storyboard in Resources */,
			);
			runOnlyForDeploymentPostprocessing = 0;
		};
/* End PBXResourcesBuildPhase section */

/* Begin PBXShellScriptBuildPhase section */
		DD2E1A1CB246BAC2BA796E35 /* [CP] Check Pods Manifest.lock */ = {
			isa = PBXShellScriptBuildPhase;
			buildActionMask = 2147483647;
			files = (
			);
			inputFileListPaths = (
			);
			inputPaths = (
				"${PODS_PODFILE_DIR_PATH}/Podfile.lock",
				"${PODS_ROOT}/Manifest.lock",
			);
			name = "[CP] Check Pods Manifest.lock";
			outputFileListPaths = (
			);
			outputPaths = (
				"$(DERIVED_FILE_DIR)/Pods-AdTest-checkManifestLockResult.txt",
			);
			runOnlyForDeploymentPostprocessing = 0;
			shellPath = /bin/sh;
			shellScript = "diff \"${PODS_PODFILE_DIR_PATH}/Podfile.lock\" \"${PODS_ROOT}/Manifest.lock\" > /dev/null\nif [ $? != 0 ] ; then\n    # print error to STDERR\n    echo \"error: The sandbox is not in sync with the Podfile.lock. Run 'pod install' or update your CocoaPods installation.\" >&2\n    exit 1\nfi\n# This output is used by Xcode 'outputs' to avoid re-running this script phase.\necho \"SUCCESS\" > \"${SCRIPT_OUTPUT_FILE_0}\"\n";
			showEnvVarsInLog = 0;
		};
		FE8E30AB1117FE597E518AD6 /* [CP] Embed Pods Frameworks */ = {
			isa = PBXShellScriptBuildPhase;
			buildActionMask = 2147483647;
			files = (
			);
			inputFileListPaths = (
				"${PODS_ROOT}/Target Support Files/Pods-AdTest/Pods-AdTest-frameworks-${CONFIGURATION}-input-files.xcfilelist",
			);
			name = "[CP] Embed Pods Frameworks";
			outputFileListPaths = (
				"${PODS_ROOT}/Target Support Files/Pods-AdTest/Pods-AdTest-frameworks-${CONFIGURATION}-output-files.xcfilelist",
			);
			runOnlyForDeploymentPostprocessing = 0;
			shellPath = /bin/sh;
			shellScript = "\"${PODS_ROOT}/Target Support Files/Pods-AdTest/Pods-AdTest-frameworks.sh\"\n";
			showEnvVarsInLog = 0;
		};
/* End PBXShellScriptBuildPhase section */

/* Begin PBXSourcesBuildPhase section */
		95C0FE0A24DA2BE100577F7B /* Sources */ = {
			isa = PBXSourcesBuildPhase;
			buildActionMask = 2147483647;
			files = (
				95C0FE1624DA2BE200577F7B /* ViewController.swift in Sources */,
				95C0FE1224DA2BE100577F7B /* AppDelegate.swift in Sources */,
				95C0FE1424DA2BE100577F7B /* SceneDelegate.swift in Sources */,
			);
			runOnlyForDeploymentPostprocessing = 0;
		};
/* End PBXSourcesBuildPhase section */

/* Begin PBXVariantGroup section */
		95C0FE1724DA2BE200577F7B /* Main.storyboard */ = {
			isa = PBXVariantGroup;
			children = (
				95C0FE1824DA2BE200577F7B /* Base */,
			);
			name = Main.storyboard;
			sourceTree = "<group>";
		};
		95C0FE1C24DA2BE600577F7B /* LaunchScreen.storyboard */ = {
			isa = PBXVariantGroup;
			children = (
				95C0FE1D24DA2BE600577F7B /* Base */,
			);
			name = LaunchScreen.storyboard;
			sourceTree = "<group>";
		};
/* End PBXVariantGroup section */

/* Begin XCBuildConfiguration section */
		95C0FE2024DA2BE600577F7B /* Debug */ = {
			isa = XCBuildConfiguration;
			buildSettings = {
				ALWAYS_SEARCH_USER_PATHS = NO;
				CLANG_ANALYZER_NONNULL = YES;
				CLANG_ANALYZER_NUMBER_OBJECT_CONVERSION = YES_AGGRESSIVE;
				CLANG_CXX_LANGUAGE_STANDARD = "gnu++14";
				CLANG_CXX_LIBRARY = "libc++";
				CLANG_ENABLE_MODULES = YES;
				CLANG_ENABLE_OBJC_ARC = YES;
				CLANG_ENABLE_OBJC_WEAK = YES;
				CLANG_WARN_BLOCK_CAPTURE_AUTORELEASING = YES;
				CLANG_WARN_BOOL_CONVERSION = YES;
				CLANG_WARN_COMMA = YES;
				CLANG_WARN_CONSTANT_CONVERSION = YES;
				CLANG_WARN_DEPRECATED_OBJC_IMPLEMENTATIONS = YES;
				CLANG_WARN_DIRECT_OBJC_ISA_USAGE = YES_ERROR;
				CLANG_WARN_DOCUMENTATION_COMMENTS = YES;
				CLANG_WARN_EMPTY_BODY = YES;
				CLANG_WARN_ENUM_CONVERSION = YES;
				CLANG_WARN_INFINITE_RECURSION = YES;
				CLANG_WARN_INT_CONVERSION = YES;
				CLANG_WARN_NON_LITERAL_NULL_CONVERSION = YES;
				CLANG_WARN_OBJC_IMPLICIT_RETAIN_SELF = YES;
				CLANG_WARN_OBJC_LITERAL_CONVERSION = YES;
				CLANG_WARN_OBJC_ROOT_CLASS = YES_ERROR;
				CLANG_WARN_RANGE_LOOP_ANALYSIS = YES;
				CLANG_WARN_STRICT_PROTOTYPES = YES;
				CLANG_WARN_SUSPICIOUS_MOVE = YES;
				CLANG_WARN_UNGUARDED_AVAILABILITY = YES_AGGRESSIVE;
				CLANG_WARN_UNREACHABLE_CODE = YES;
				CLANG_WARN__DUPLICATE_METHOD_MATCH = YES;
				COPY_PHASE_STRIP = NO;
				DEBUG_INFORMATION_FORMAT = dwarf;
				ENABLE_STRICT_OBJC_MSGSEND = YES;
				ENABLE_TESTABILITY = YES;
				GCC_C_LANGUAGE_STANDARD = gnu11;
				GCC_DYNAMIC_NO_PIC = NO;
				GCC_NO_COMMON_BLOCKS = YES;
				GCC_OPTIMIZATION_LEVEL = 0;
				GCC_PREPROCESSOR_DEFINITIONS = (
					"DEBUG=1",
					"$(inherited)",
				);
				GCC_WARN_64_TO_32_BIT_CONVERSION = YES;
				GCC_WARN_ABOUT_RETURN_TYPE = YES_ERROR;
				GCC_WARN_UNDECLARED_SELECTOR = YES;
				GCC_WARN_UNINITIALIZED_AUTOS = YES_AGGRESSIVE;
				GCC_WARN_UNUSED_FUNCTION = YES;
				GCC_WARN_UNUSED_VARIABLE = YES;
				IPHONEOS_DEPLOYMENT_TARGET = 13.6;
				MTL_ENABLE_DEBUG_INFO = INCLUDE_SOURCE;
				MTL_FAST_MATH = YES;
				ONLY_ACTIVE_ARCH = YES;
				SDKROOT = iphoneos;
				SWIFT_ACTIVE_COMPILATION_CONDITIONS = DEBUG;
				SWIFT_OPTIMIZATION_LEVEL = "-Onone";
			};
			name = Debug;
		};
		95C0FE2124DA2BE600577F7B /* Release */ = {
			isa = XCBuildConfiguration;
			buildSettings = {
				ALWAYS_SEARCH_USER_PATHS = NO;
				CLANG_ANALYZER_NONNULL = YES;
				CLANG_ANALYZER_NUMBER_OBJECT_CONVERSION = YES_AGGRESSIVE;
				CLANG_CXX_LANGUAGE_STANDARD = "gnu++14";
				CLANG_CXX_LIBRARY = "libc++";
				CLANG_ENABLE_MODULES = YES;
				CLANG_ENABLE_OBJC_ARC = YES;
				CLANG_ENABLE_OBJC_WEAK = YES;
				CLANG_WARN_BLOCK_CAPTURE_AUTORELEASING = YES;
				CLANG_WARN_BOOL_CONVERSION = YES;
				CLANG_WARN_COMMA = YES;
				CLANG_WARN_CONSTANT_CONVERSION = YES;
				CLANG_WARN_DEPRECATED_OBJC_IMPLEMENTATIONS = YES;
				CLANG_WARN_DIRECT_OBJC_ISA_USAGE = YES_ERROR;
				CLANG_WARN_DOCUMENTATION_COMMENTS = YES;
				CLANG_WARN_EMPTY_BODY = YES;
				CLANG_WARN_ENUM_CONVERSION = YES;
				CLANG_WARN_INFINITE_RECURSION = YES;
				CLANG_WARN_INT_CONVERSION = YES;
				CLANG_WARN_NON_LITERAL_NULL_CONVERSION = YES;
				CLANG_WARN_OBJC_IMPLICIT_RETAIN_SELF = YES;
				CLANG_WARN_OBJC_LITERAL_CONVERSION = YES;
				CLANG_WARN_OBJC_ROOT_CLASS = YES_ERROR;
				CLANG_WARN_RANGE_LOOP_ANALYSIS = YES;
				CLANG_WARN_STRICT_PROTOTYPES = YES;
				CLANG_WARN_SUSPICIOUS_MOVE = YES;
				CLANG_WARN_UNGUARDED_AVAILABILITY = YES_AGGRESSIVE;
				CLANG_WARN_UNREACHABLE_CODE = YES;
				CLANG_WARN__DUPLICATE_METHOD_MATCH = YES;
				COPY_PHASE_STRIP = NO;
				DEBUG_INFORMATION_FORMAT = "dwarf-with-dsym";
				ENABLE_NS_ASSERTIONS = NO;
				ENABLE_STRICT_OBJC_MSGSEND = YES;
				GCC_C_LANGUAGE_STANDARD = gnu11;
				GCC_NO_COMMON_BLOCKS = YES;
				GCC_WARN_64_TO_32_BIT_CONVERSION = YES;
				GCC_WARN_ABOUT_RETURN_TYPE = YES_ERROR;
				GCC_WARN_UNDECLARED_SELECTOR = YES;
				GCC_WARN_UNINITIALIZED_AUTOS = YES_AGGRESSIVE;
				GCC_WARN_UNUSED_FUNCTION = YES;
				GCC_WARN_UNUSED_VARIABLE = YES;
				IPHONEOS_DEPLOYMENT_TARGET = 13.6;
				MTL_ENABLE_DEBUG_INFO = NO;
				MTL_FAST_MATH = YES;
				SDKROOT = iphoneos;
				SWIFT_COMPILATION_MODE = wholemodule;
				SWIFT_OPTIMIZATION_LEVEL = "-O";
				VALIDATE_PRODUCT = YES;
			};
			name = Release;
		};
		95C0FE2324DA2BE600577F7B /* Debug */ = {
			isa = XCBuildConfiguration;
			baseConfigurationReference = D5AC1877FC366D35FF67FB28 /* Pods-AdTest.debug.xcconfig */;
			buildSettings = {
				ASSETCATALOG_COMPILER_APPICON_NAME = AppIcon;
				CODE_SIGN_STYLE = Automatic;
				DEVELOPMENT_TEAM = 7RFPAQ2NAA;
				INFOPLIST_FILE = AdTest/Info.plist;
				LD_RUNPATH_SEARCH_PATHS = (
					"$(inherited)",
					"@executable_path/Frameworks",
				);
				PRODUCT_BUNDLE_IDENTIFIER = com.shino.AdTest;
				PRODUCT_NAME = "$(TARGET_NAME)";
				SWIFT_VERSION = 5.0;
				TARGETED_DEVICE_FAMILY = "1,2";
			};
			name = Debug;
		};
		95C0FE2424DA2BE600577F7B /* Release */ = {
			isa = XCBuildConfiguration;
			baseConfigurationReference = B4765019C1E83C602D1EDFD1 /* Pods-AdTest.release.xcconfig */;
			buildSettings = {
				ASSETCATALOG_COMPILER_APPICON_NAME = AppIcon;
				CODE_SIGN_STYLE = Automatic;
				DEVELOPMENT_TEAM = 7RFPAQ2NAA;
				INFOPLIST_FILE = AdTest/Info.plist;
				LD_RUNPATH_SEARCH_PATHS = (
					"$(inherited)",
					"@executable_path/Frameworks",
				);
				PRODUCT_BUNDLE_IDENTIFIER = com.shino.AdTest;
				PRODUCT_NAME = "$(TARGET_NAME)";
				SWIFT_VERSION = 5.0;
				TARGETED_DEVICE_FAMILY = "1,2";
			};
			name = Release;
		};
/* End XCBuildConfiguration section */

/* Begin XCConfigurationList section */
		95C0FE0924DA2BE100577F7B /* Build configuration list for PBXProject "AdTest" */ = {
			isa = XCConfigurationList;
			buildConfigurations = (
				95C0FE2024DA2BE600577F7B /* Debug */,
				95C0FE2124DA2BE600577F7B /* Release */,
			);
			defaultConfigurationIsVisible = 0;
			defaultConfigurationName = Release;
		};
		95C0FE2224DA2BE600577F7B /* Build configuration list for PBXNativeTarget "AdTest" */ = {
			isa = XCConfigurationList;
			buildConfigurations = (
				95C0FE2324DA2BE600577F7B /* Debug */,
				95C0FE2424DA2BE600577F7B /* Release */,
			);
			defaultConfigurationIsVisible = 0;
			defaultConfigurationName = Release;
		};
/* End XCConfigurationList section */
	};
	rootObject = 95C0FE0624DA2BE100577F7B /* Project object */;
}
